
Microsoft Visual Studio Solution File, Format Version 12.00
# Visual Studio Version 16
VisualStudioVersion = 16.0.30204.135
MinimumVisualStudioVersion = 10.0.40219.1
Project("{FAE04EC0-301F-11D3-BF4B-00C04F79EFBC}") = "Part2", "Part2\Part2.csproj", "{A6E2AF99-157B-4AE8-BA4D-B47A0731011B}"
EndProject
Project("{FAE04EC0-301F-11D3-BF4B-00C04F79EFBC}") = "FileWork", "FileWork\FileWork.csproj", "{EA2147A5-3918-44C0-ACB2-CB4BFF992904}"
EndProject
Project("{FAE04EC0-301F-11D3-BF4B-00C04F79EFBC}") = "Figures", "Figures\Figures.csproj", "{19CF3BB0-9FB0-438C-8B09-6279173116D2}"
EndProject
Global
	GlobalSection(SolutionConfigurationPlatforms) = preSolution
		Debug|Any CPU = Debug|Any CPU
		Release|Any CPU = Release|Any CPU
	EndGlobalSection
	GlobalSection(ProjectConfigurationPlatforms) = postSolution
		{A6E2AF99-157B-4AE8-BA4D-B47A0731011B}.Debug|Any CPU.ActiveCfg = Debug|Any CPU
		{A6E2AF99-157B-4AE8-BA4D-B47A0731011B}.Debug|Any CPU.Build.0 = Debug|Any CPU
		{A6E2AF99-157B-4AE8-BA4D-B47A0731011B}.Release|Any CPU.ActiveCfg = Release|Any CPU
		{A6E2AF99-157B-4AE8-BA4D-B47A0731011B}.Release|Any CPU.Build.0 = Release|Any CPU
		{EA2147A5-3918-44C0-ACB2-CB4BFF992904}.Debug|Any CPU.ActiveCfg = Debug|Any CPU
		{EA2147A5-3918-44C0-ACB2-CB4BFF992904}.Debug|Any CPU.Build.0 = Debug|Any CPU
		{EA2147A5-3918-44C0-ACB2-CB4BFF992904}.Release|Any CPU.ActiveCfg = Release|Any CPU
		{EA2147A5-3918-44C0-ACB2-CB4BFF992904}.Release|Any CPU.Build.0 = Release|Any CPU
		{19CF3BB0-9FB0-438C-8B09-6279173116D2}.Debug|Any CPU.ActiveCfg = Debug|Any CPU
		{19CF3BB0-9FB0-438C-8B09-6279173116D2}.Debug|Any CPU.Build.0 = Debug|Any CPU
		{19CF3BB0-9FB0-438C-8B09-6279173116D2}.Release|Any CPU.ActiveCfg = Release|Any CPU
		{19CF3BB0-9FB0-438C-8B09-6279173116D2}.Release|Any CPU.Build.0 = Release|Any CPU
	EndGlobalSection
	GlobalSection(SolutionProperties) = preSolution
		HideSolutionNode = FALSE
	EndGlobalSection
	GlobalSection(ExtensibilityGlobals) = postSolution
		SolutionGuid = {82998D75-2D44-44DA-8C8D-CEA3760720C9}
	EndGlobalSection
EndGlobal
