
Microsoft Visual Studio Solution File, Format Version 12.00
# Visual Studio Version 16
VisualStudioVersion = 16.0.30204.135
MinimumVisualStudioVersion = 10.0.40219.1
Project("{FAE04EC0-301F-11D3-BF4B-00C04F79EFBC}") = "VectorLibrary", "VectorLibrary\VectorLibrary.csproj", "{2EE23B72-4A3D-40FB-99D5-AA563538704E}"
EndProject
Project("{FAE04EC0-301F-11D3-BF4B-00C04F79EFBC}") = "ProductsLibrary", "ProductsLibrary\ProductsLibrary.csproj", "{E616CC57-D671-42D2-A93B-864C8625B527}"
EndProject
Project("{2150E333-8FDC-42A3-9474-1A3956D46DE8}") = "Task1", "Task1", "{CD57FF27-C115-4E57-A492-71E245FDF490}"
EndProject
Project("{2150E333-8FDC-42A3-9474-1A3956D46DE8}") = "Task3", "Task3", "{8D6E7697-EA87-4853-B946-DC709F1CBFFB}"
EndProject
Project("{FAE04EC0-301F-11D3-BF4B-00C04F79EFBC}") = "_Vector.Tests", "_Vector.Tests\_Vector.Tests.csproj", "{E95333F1-30FB-4C66-8738-E13F226A5C66}"
EndProject
Project("{2150E333-8FDC-42A3-9474-1A3956D46DE8}") = "UnitTests", "UnitTests", "{5FE00766-8FFD-44FC-877A-290BAE61517E}"
EndProject
Project("{FAE04EC0-301F-11D3-BF4B-00C04F79EFBC}") = "_ElectricalProducts.Tests", "_ElectricalProducts.Tests\_ElectricalProducts.Tests.csproj", "{0A46D915-AF9F-48D2-9EBE-1C720BFF154E}"
EndProject
Project("{FAE04EC0-301F-11D3-BF4B-00C04F79EFBC}") = "_StatineryProducts.Tests", "_StatineryProducts.Tests\_StatineryProducts.Tests.csproj", "{85FCECE1-736C-45A4-8DB8-F6439CC1BF3E}"
EndProject
Project("{FAE04EC0-301F-11D3-BF4B-00C04F79EFBC}") = "Food_Products.Tests", "Food_Products.Tests\Food_Products.Tests.csproj", "{72D62E63-4A85-4633-BA02-43C884CD8504}"
EndProject
Project("{2150E333-8FDC-42A3-9474-1A3956D46DE8}") = "Task2", "Task2", "{0F167FA6-075E-49BD-9B42-3414EF3F5414}"
EndProject
Project("{FAE04EC0-301F-11D3-BF4B-00C04F79EFBC}") = "PolinomialLibrary", "PolinomialLibrary\PolinomialLibrary.csproj", "{6FB13F47-C0FA-48EC-BB42-3C40C9784DB0}"
EndProject
Project("{FAE04EC0-301F-11D3-BF4B-00C04F79EFBC}") = "_Polinomial.Tests", "_Polinomial.Tests\_Polinomial.Tests.csproj", "{C6E93CA9-7AA9-4F4D-BA09-857B4F7B9E3D}"
EndProject
Global
	GlobalSection(SolutionConfigurationPlatforms) = preSolution
		Debug|Any CPU = Debug|Any CPU
		Release|Any CPU = Release|Any CPU
	EndGlobalSection
	GlobalSection(ProjectConfigurationPlatforms) = postSolution
		{2EE23B72-4A3D-40FB-99D5-AA563538704E}.Debug|Any CPU.ActiveCfg = Debug|Any CPU
		{2EE23B72-4A3D-40FB-99D5-AA563538704E}.Debug|Any CPU.Build.0 = Debug|Any CPU
		{2EE23B72-4A3D-40FB-99D5-AA563538704E}.Release|Any CPU.ActiveCfg = Release|Any CPU
		{2EE23B72-4A3D-40FB-99D5-AA563538704E}.Release|Any CPU.Build.0 = Release|Any CPU
		{E616CC57-D671-42D2-A93B-864C8625B527}.Debug|Any CPU.ActiveCfg = Debug|Any CPU
		{E616CC57-D671-42D2-A93B-864C8625B527}.Debug|Any CPU.Build.0 = Debug|Any CPU
		{E616CC57-D671-42D2-A93B-864C8625B527}.Release|Any CPU.ActiveCfg = Release|Any CPU
		{E616CC57-D671-42D2-A93B-864C8625B527}.Release|Any CPU.Build.0 = Release|Any CPU
		{E95333F1-30FB-4C66-8738-E13F226A5C66}.Debug|Any CPU.ActiveCfg = Debug|Any CPU
		{E95333F1-30FB-4C66-8738-E13F226A5C66}.Debug|Any CPU.Build.0 = Debug|Any CPU
		{E95333F1-30FB-4C66-8738-E13F226A5C66}.Release|Any CPU.ActiveCfg = Release|Any CPU
		{E95333F1-30FB-4C66-8738-E13F226A5C66}.Release|Any CPU.Build.0 = Release|Any CPU
		{0A46D915-AF9F-48D2-9EBE-1C720BFF154E}.Debug|Any CPU.ActiveCfg = Debug|Any CPU
		{0A46D915-AF9F-48D2-9EBE-1C720BFF154E}.Debug|Any CPU.Build.0 = Debug|Any CPU
		{0A46D915-AF9F-48D2-9EBE-1C720BFF154E}.Release|Any CPU.ActiveCfg = Release|Any CPU
		{0A46D915-AF9F-48D2-9EBE-1C720BFF154E}.Release|Any CPU.Build.0 = Release|Any CPU
		{85FCECE1-736C-45A4-8DB8-F6439CC1BF3E}.Debug|Any CPU.ActiveCfg = Debug|Any CPU
		{85FCECE1-736C-45A4-8DB8-F6439CC1BF3E}.Debug|Any CPU.Build.0 = Debug|Any CPU
		{85FCECE1-736C-45A4-8DB8-F6439CC1BF3E}.Release|Any CPU.ActiveCfg = Release|Any CPU
		{85FCECE1-736C-45A4-8DB8-F6439CC1BF3E}.Release|Any CPU.Build.0 = Release|Any CPU
		{72D62E63-4A85-4633-BA02-43C884CD8504}.Debug|Any CPU.ActiveCfg = Debug|Any CPU
		{72D62E63-4A85-4633-BA02-43C884CD8504}.Debug|Any CPU.Build.0 = Debug|Any CPU
		{72D62E63-4A85-4633-BA02-43C884CD8504}.Release|Any CPU.ActiveCfg = Release|Any CPU
		{72D62E63-4A85-4633-BA02-43C884CD8504}.Release|Any CPU.Build.0 = Release|Any CPU
		{6FB13F47-C0FA-48EC-BB42-3C40C9784DB0}.Debug|Any CPU.ActiveCfg = Debug|Any CPU
		{6FB13F47-C0FA-48EC-BB42-3C40C9784DB0}.Debug|Any CPU.Build.0 = Debug|Any CPU
		{6FB13F47-C0FA-48EC-BB42-3C40C9784DB0}.Release|Any CPU.ActiveCfg = Release|Any CPU
		{6FB13F47-C0FA-48EC-BB42-3C40C9784DB0}.Release|Any CPU.Build.0 = Release|Any CPU
		{C6E93CA9-7AA9-4F4D-BA09-857B4F7B9E3D}.Debug|Any CPU.ActiveCfg = Debug|Any CPU
		{C6E93CA9-7AA9-4F4D-BA09-857B4F7B9E3D}.Debug|Any CPU.Build.0 = Debug|Any CPU
		{C6E93CA9-7AA9-4F4D-BA09-857B4F7B9E3D}.Release|Any CPU.ActiveCfg = Release|Any CPU
		{C6E93CA9-7AA9-4F4D-BA09-857B4F7B9E3D}.Release|Any CPU.Build.0 = Release|Any CPU
	EndGlobalSection
	GlobalSection(SolutionProperties) = preSolution
		HideSolutionNode = FALSE
	EndGlobalSection
	GlobalSection(NestedProjects) = preSolution
		{2EE23B72-4A3D-40FB-99D5-AA563538704E} = {CD57FF27-C115-4E57-A492-71E245FDF490}
		{E616CC57-D671-42D2-A93B-864C8625B527} = {8D6E7697-EA87-4853-B946-DC709F1CBFFB}
		{E95333F1-30FB-4C66-8738-E13F226A5C66} = {CD57FF27-C115-4E57-A492-71E245FDF490}
		{5FE00766-8FFD-44FC-877A-290BAE61517E} = {8D6E7697-EA87-4853-B946-DC709F1CBFFB}
		{0A46D915-AF9F-48D2-9EBE-1C720BFF154E} = {5FE00766-8FFD-44FC-877A-290BAE61517E}
		{85FCECE1-736C-45A4-8DB8-F6439CC1BF3E} = {5FE00766-8FFD-44FC-877A-290BAE61517E}
		{72D62E63-4A85-4633-BA02-43C884CD8504} = {5FE00766-8FFD-44FC-877A-290BAE61517E}
		{6FB13F47-C0FA-48EC-BB42-3C40C9784DB0} = {0F167FA6-075E-49BD-9B42-3414EF3F5414}
		{C6E93CA9-7AA9-4F4D-BA09-857B4F7B9E3D} = {0F167FA6-075E-49BD-9B42-3414EF3F5414}
	EndGlobalSection
	GlobalSection(ExtensibilityGlobals) = postSolution
		SolutionGuid = {C37F00CA-D6ED-4390-A531-532F5106D021}
	EndGlobalSection
EndGlobal
